
Microsoft Visual Studio Solution File, Format Version 12.00
# Visual Studio Version 17
VisualStudioVersion = 17.8.34330.188
MinimumVisualStudioVersion = 10.0.40219.1
Project("{8BC9CEB8-8B4A-11D0-8D11-00A0C91BC942}") = "練習問題4.2-4", "練習問題4.2-4\練習問題4.2-4.vcxproj", "{49170F0B-19E1-417B-99EB-26781ABFFF25}"
EndProject
Project("{8BC9CEB8-8B4A-11D0-8D11-00A0C91BC942}") = "練習問題4.3-1", "練習問題4.3-1\練習問題4.3-1.vcxproj", "{A23DB30F-F341-4E02-AEB5-E307868E26F3}"
EndProject
Global
	GlobalSection(SolutionConfigurationPlatforms) = preSolution
		Debug|x64 = Debug|x64
		Debug|x86 = Debug|x86
		Release|x64 = Release|x64
		Release|x86 = Release|x86
	EndGlobalSection
	GlobalSection(ProjectConfigurationPlatforms) = postSolution
		{49170F0B-19E1-417B-99EB-26781ABFFF25}.Debug|x64.ActiveCfg = Debug|x64
		{49170F0B-19E1-417B-99EB-26781ABFFF25}.Debug|x64.Build.0 = Debug|x64
		{49170F0B-19E1-417B-99EB-26781ABFFF25}.Debug|x86.ActiveCfg = Debug|Win32
		{49170F0B-19E1-417B-99EB-26781ABFFF25}.Debug|x86.Build.0 = Debug|Win32
		{49170F0B-19E1-417B-99EB-26781ABFFF25}.Release|x64.ActiveCfg = Release|x64
		{49170F0B-19E1-417B-99EB-26781ABFFF25}.Release|x64.Build.0 = Release|x64
		{49170F0B-19E1-417B-99EB-26781ABFFF25}.Release|x86.ActiveCfg = Release|Win32
		{49170F0B-19E1-417B-99EB-26781ABFFF25}.Release|x86.Build.0 = Release|Win32
		{A23DB30F-F341-4E02-AEB5-E307868E26F3}.Debug|x64.ActiveCfg = Debug|x64
		{A23DB30F-F341-4E02-AEB5-E307868E26F3}.Debug|x64.Build.0 = Debug|x64
		{A23DB30F-F341-4E02-AEB5-E307868E26F3}.Debug|x86.ActiveCfg = Debug|Win32
		{A23DB30F-F341-4E02-AEB5-E307868E26F3}.Debug|x86.Build.0 = Debug|Win32
		{A23DB30F-F341-4E02-AEB5-E307868E26F3}.Release|x64.ActiveCfg = Release|x64
		{A23DB30F-F341-4E02-AEB5-E307868E26F3}.Release|x64.Build.0 = Release|x64
		{A23DB30F-F341-4E02-AEB5-E307868E26F3}.Release|x86.ActiveCfg = Release|Win32
		{A23DB30F-F341-4E02-AEB5-E307868E26F3}.Release|x86.Build.0 = Release|Win32
	EndGlobalSection
	GlobalSection(SolutionProperties) = preSolution
		HideSolutionNode = FALSE
	EndGlobalSection
	GlobalSection(ExtensibilityGlobals) = postSolution
		SolutionGuid = {F9FB8C54-7A1D-4F6C-A826-D62A6D11EA7C}
	EndGlobalSection
EndGlobal
